# Frontend + runtime-glue block (docs/DESIGN.md §6): the optional admin /
# monitoring interface for the jobs block. Two halves:
#
#   1. Go: a jobsadmin JSON HTTP handler over the runtime jobs Inspector
#      (queue stats, tasks-by-state, run/archive/delete), mounted on the API's
#      chi router behind the same auth middleware as the rest of admin.
#   2. SvelteKit: a /jobs dashboard page in the admin-svelte shell that consumes
#      that API with the admin's Bearer/X-Tenant headers.
#
# Requires both jobs (the queue + inspector) and admin-svelte (the shell the
# page lives in). It does not embed asynqmon — the dashboard is a page you own,
# consistent with the rest of the admin.
name: jobs-admin
version: 0.1.1
category: frontend
summary: Optional admin dashboard to monitor/manage Asynq jobs (queue stats, retry/archive/delete).

requires:
  - jobs
  - admin-svelte

runtime:
  module: github.com/appsome/ix/runtime
  version: v0.2.0
  packages: [jobs]

vars:
  - { name: Module, from: module }

files:
  # Go: the jobs admin JSON API handler.
  - { src: handler.go.tmpl,   dest: internal/jobsadmin/handler.go }
  # Svelte: the dashboard page (raw — Svelte braces skip ix's Go renderer).
  - { src: jobs.page.svelte,  dest: "web/src/routes/(admin)/jobs/+page.svelte", raw: true }

patches:
  # Mount the admin API at the ix:routes anchor graphql-server ships inside
  # server.New (r in scope). MustHandler builds its own Inspector from the
  # REDIS_* env, so nothing needs threading through from main(). Projects
  # scaffolded before graphql-server 0.2.0 lack the anchor — run
  # `ix upgrade graphql-server`, then re-run `ix add jobs-admin` (idempotent)
  # to apply the patch.
  - file: internal/api/server/server.go
    anchor: "// ix:routes"
    imports:
      - "{{.Module}}/internal/jobsadmin"
    insert: |
      // Jobs admin API for the /jobs dashboard. Wrap with your admin auth
      // middleware, e.g. r.With(adminAuth).Mount(...).
      r.Mount("/admin/jobs", jobsadmin.MustHandler())
  # Add a Jobs link to the admin sidebar nav.
  - file: web/src/routes/(admin)/+layout.svelte
    anchor: "<!-- Per-entity links land here as you run `ix add entity --frontend`. -->"
    insert: |
      <a class="rounded px-2 py-1 hover:bg-slate-200" href="/jobs">Jobs</a>

hooks:
  post_add:
    - "go mod tidy"
    - "echo 'Jobs admin added: API mounted at /admin/jobs (internal/api/server/server.go — wrap it with your admin auth middleware), dashboard at /jobs. Dev proxy for /admin ships with admin-svelte. If the mount patch reported a missing anchor, run `ix upgrade graphql-server admin-svelte`, then `ix add jobs-admin` again.'"
